// !$*UTF8*$!
{
	archiveVersion = 1;
	classes = {
	};
	objectVersion = 46;
	objects = {

/* Begin PBXBuildFile section */
		5BE0CBC799E43CD62EE656E4 /* libPods.a in Frameworks */ = {isa = PBXBuildFile; fileRef = 9E7D91F6AB0D576E1A4FF2F8 /* libPods.a */; };
		942685571C6D77E40072099B /* Assets.xcassets in Resources */ = {isa = PBXBuildFile; fileRef = 942685561C6D77E40072099B /* Assets.xcassets */; };
		944E60CE1C774A8900B72EDF /* YMTopicViewController.m in Sources */ = {isa = PBXBuildFile; fileRef = 944E60CD1C774A8900B72EDF /* YMTopicViewController.m */; };
		945AEFBA1C6EAE3A003D7CEC /* YMRecommandCategory.m in Sources */ = {isa = PBXBuildFile; fileRef = 945AEFB91C6EAE3A003D7CEC /* YMRecommandCategory.m */; };
		945AEFBD1C6EAF7A003D7CEC /* YMRecommandCategoryCell.m in Sources */ = {isa = PBXBuildFile; fileRef = 945AEFBC1C6EAF7A003D7CEC /* YMRecommandCategoryCell.m */; };
		945AEFBF1C6EAF89003D7CEC /* YMRecommandCategoryCell.xib in Resources */ = {isa = PBXBuildFile; fileRef = 945AEFBE1C6EAF89003D7CEC /* YMRecommandCategoryCell.xib */; };
		945AEFC31C6ECB50003D7CEC /* YMRecommandUserCell.m in Sources */ = {isa = PBXBuildFile; fileRef = 945AEFC11C6ECB50003D7CEC /* YMRecommandUserCell.m */; };
		945AEFC41C6ECB50003D7CEC /* YMRecommandUserCell.xib in Resources */ = {isa = PBXBuildFile; fileRef = 945AEFC21C6ECB50003D7CEC /* YMRecommandUserCell.xib */; };
		945AEFC71C6ED334003D7CEC /* YMRecommandUser.m in Sources */ = {isa = PBXBuildFile; fileRef = 945AEFC61C6ED334003D7CEC /* YMRecommandUser.m */; };
		948E27771C73007B00A85AE1 /* YMConst.m in Sources */ = {isa = PBXBuildFile; fileRef = 948E27761C73007B00A85AE1 /* YMConst.m */; };
		948E277B1C73050A00A85AE1 /* YMTopicCell.m in Sources */ = {isa = PBXBuildFile; fileRef = 948E27791C73050A00A85AE1 /* YMTopicCell.m */; };
		948E277C1C73050A00A85AE1 /* YMTopicCell.xib in Resources */ = {isa = PBXBuildFile; fileRef = 948E277A1C73050A00A85AE1 /* YMTopicCell.xib */; };
		948E277F1C7330DD00A85AE1 /* NSDate+YMExtension.m in Sources */ = {isa = PBXBuildFile; fileRef = 948E277E1C7330DD00A85AE1 /* NSDate+YMExtension.m */; };
		94D059FD1C6F324D005408A5 /* YMRecommandTagsViewController.m in Sources */ = {isa = PBXBuildFile; fileRef = 94D059FC1C6F324D005408A5 /* YMRecommandTagsViewController.m */; };
		94D05A001C6F3455005408A5 /* YMRecommandTag.m in Sources */ = {isa = PBXBuildFile; fileRef = 94D059FF1C6F3455005408A5 /* YMRecommandTag.m */; };
		94D05A041C6F3575005408A5 /* YMRecommandTagCell.m in Sources */ = {isa = PBXBuildFile; fileRef = 94D05A021C6F3575005408A5 /* YMRecommandTagCell.m */; };
		94D05A051C6F3575005408A5 /* YMRecommandTagCell.xib in Resources */ = {isa = PBXBuildFile; fileRef = 94D05A031C6F3575005408A5 /* YMRecommandTagCell.xib */; };
		94D05A2E1C706ADF005408A5 /* YMLoginRegisterController.m in Sources */ = {isa = PBXBuildFile; fileRef = 94D05A2C1C706ADF005408A5 /* YMLoginRegisterController.m */; };
		94D05A2F1C706ADF005408A5 /* YMLoginRegisterController.xib in Resources */ = {isa = PBXBuildFile; fileRef = 94D05A2D1C706ADF005408A5 /* YMLoginRegisterController.xib */; };
		94D05A321C707321005408A5 /* YMVerticalButton.m in Sources */ = {isa = PBXBuildFile; fileRef = 94D05A311C707321005408A5 /* YMVerticalButton.m */; };
		94D64D411C72F23D00F70086 /* YMTopic.m in Sources */ = {isa = PBXBuildFile; fileRef = 94D64D401C72F23D00F70086 /* YMTopic.m */; };
		94E0709B1C6DD39800D8D3A8 /* YMEssenceViewController.m in Sources */ = {isa = PBXBuildFile; fileRef = 94E070731C6DD39800D8D3A8 /* YMEssenceViewController.m */; };
		94E0709C1C6DD39800D8D3A8 /* YMFriendTrendsViewController.m in Sources */ = {isa = PBXBuildFile; fileRef = 94E070791C6DD39800D8D3A8 /* YMFriendTrendsViewController.m */; };
		94E0709D1C6DD39800D8D3A8 /* UIBarButtonItem+YMExtension.m in Sources */ = {isa = PBXBuildFile; fileRef = 94E0707F1C6DD39800D8D3A8 /* UIBarButtonItem+YMExtension.m */; };
		94E0709E1C6DD39800D8D3A8 /* UIView+YMExtension.m in Sources */ = {isa = PBXBuildFile; fileRef = 94E070811C6DD39800D8D3A8 /* UIView+YMExtension.m */; };
		94E0709F1C6DD39800D8D3A8 /* YMTabBarController.m in Sources */ = {isa = PBXBuildFile; fileRef = 94E070841C6DD39800D8D3A8 /* YMTabBarController.m */; };
		94E070A01C6DD39800D8D3A8 /* YMTabBar.m in Sources */ = {isa = PBXBuildFile; fileRef = 94E070891C6DD39800D8D3A8 /* YMTabBar.m */; };
		94E070A11C6DD39800D8D3A8 /* YMMeViewController.m in Sources */ = {isa = PBXBuildFile; fileRef = 94E0708D1C6DD39800D8D3A8 /* YMMeViewController.m */; };
		94E070A21C6DD39800D8D3A8 /* YMNewViewController.m in Sources */ = {isa = PBXBuildFile; fileRef = 94E070931C6DD39800D8D3A8 /* YMNewViewController.m */; };
		94E070A31C6DD39800D8D3A8 /* AppDelegate.m in Sources */ = {isa = PBXBuildFile; fileRef = 94E070981C6DD39800D8D3A8 /* AppDelegate.m */; };
		94E070A41C6DD39800D8D3A8 /* main.m in Sources */ = {isa = PBXBuildFile; fileRef = 94E070991C6DD39800D8D3A8 /* main.m */; };
		94E070A71C6DD78E00D8D3A8 /* YMNavigationController.m in Sources */ = {isa = PBXBuildFile; fileRef = 94E070A61C6DD78E00D8D3A8 /* YMNavigationController.m */; };
		94E070A91C6E079500D8D3A8 /* YMFriendTrendsViewController.xib in Resources */ = {isa = PBXBuildFile; fileRef = 94E070A81C6E079500D8D3A8 /* YMFriendTrendsViewController.xib */; };
		94E070AD1C6E11B100D8D3A8 /* YMRecommandViewController.m in Sources */ = {isa = PBXBuildFile; fileRef = 94E070AB1C6E11B100D8D3A8 /* YMRecommandViewController.m */; };
		94E070AE1C6E11B100D8D3A8 /* YMRecommandViewController.xib in Resources */ = {isa = PBXBuildFile; fileRef = 94E070AC1C6E11B100D8D3A8 /* YMRecommandViewController.xib */; };
		94E070B01C6E1FD300D8D3A8 /* Foundation+Log.m in Sources */ = {isa = PBXBuildFile; fileRef = 94E070AF1C6E1FD300D8D3A8 /* Foundation+Log.m */; };
		94FEF3671C70AC680001A8D1 /* YMTextField.m in Sources */ = {isa = PBXBuildFile; fileRef = 94FEF3661C70AC680001A8D1 /* YMTextField.m */; };
		94FEF36A1C70C77E0001A8D1 /* YMPushGuide.m in Sources */ = {isa = PBXBuildFile; fileRef = 94FEF3691C70C77E0001A8D1 /* YMPushGuide.m */; };
		94FEF36C1C70C78A0001A8D1 /* YMPushGuide.xib in Resources */ = {isa = PBXBuildFile; fileRef = 94FEF36B1C70C78A0001A8D1 /* YMPushGuide.xib */; };
/* End PBXBuildFile section */

/* Begin PBXFileReference section */
		5A47135987392BDFBF15033B /* Pods.debug.xcconfig */ = {isa = PBXFileReference; includeInIndex = 1; lastKnownFileType = text.xcconfig; name = Pods.debug.xcconfig; path = "Pods/Target Support Files/Pods/Pods.debug.xcconfig"; sourceTree = "<group>"; };
		942685471C6D77E40072099B /* ImitateBaisi.app */ = {isa = PBXFileReference; explicitFileType = wrapper.application; includeInIndex = 0; path = ImitateBaisi.app; sourceTree = BUILT_PRODUCTS_DIR; };
		942685561C6D77E40072099B /* Assets.xcassets */ = {isa = PBXFileReference; lastKnownFileType = folder.assetcatalog; path = Assets.xcassets; sourceTree = "<group>"; };
		9426855B1C6D77E40072099B /* Info.plist */ = {isa = PBXFileReference; lastKnownFileType = text.plist.xml; path = Info.plist; sourceTree = "<group>"; };
		944E60CC1C774A8900B72EDF /* YMTopicViewController.h */ = {isa = PBXFileReference; fileEncoding = 4; lastKnownFileType = sourcecode.c.h; path = YMTopicViewController.h; sourceTree = "<group>"; };
		944E60CD1C774A8900B72EDF /* YMTopicViewController.m */ = {isa = PBXFileReference; fileEncoding = 4; lastKnownFileType = sourcecode.c.objc; path = YMTopicViewController.m; sourceTree = "<group>"; };
		945AEFB81C6EAE3A003D7CEC /* YMRecommandCategory.h */ = {isa = PBXFileReference; fileEncoding = 4; lastKnownFileType = sourcecode.c.h; path = YMRecommandCategory.h; sourceTree = "<group>"; };
		945AEFB91C6EAE3A003D7CEC /* YMRecommandCategory.m */ = {isa = PBXFileReference; fileEncoding = 4; lastKnownFileType = sourcecode.c.objc; path = YMRecommandCategory.m; sourceTree = "<group>"; };
		945AEFBB1C6EAF7A003D7CEC /* YMRecommandCategoryCell.h */ = {isa = PBXFileReference; fileEncoding = 4; lastKnownFileType = sourcecode.c.h; path = YMRecommandCategoryCell.h; sourceTree = "<group>"; };
		945AEFBC1C6EAF7A003D7CEC /* YMRecommandCategoryCell.m */ = {isa = PBXFileReference; fileEncoding = 4; lastKnownFileType = sourcecode.c.objc; path = YMRecommandCategoryCell.m; sourceTree = "<group>"; };
		945AEFBE1C6EAF89003D7CEC /* YMRecommandCategoryCell.xib */ = {isa = PBXFileReference; fileEncoding = 4; lastKnownFileType = file.xib; path = YMRecommandCategoryCell.xib; sourceTree = "<group>"; };
		945AEFC01C6ECB50003D7CEC /* YMRecommandUserCell.h */ = {isa = PBXFileReference; fileEncoding = 4; lastKnownFileType = sourcecode.c.h; path = YMRecommandUserCell.h; sourceTree = "<group>"; };
		945AEFC11C6ECB50003D7CEC /* YMRecommandUserCell.m */ = {isa = PBXFileReference; fileEncoding = 4; lastKnownFileType = sourcecode.c.objc; path = YMRecommandUserCell.m; sourceTree = "<group>"; };
		945AEFC21C6ECB50003D7CEC /* YMRecommandUserCell.xib */ = {isa = PBXFileReference; fileEncoding = 4; lastKnownFileType = file.xib; path = YMRecommandUserCell.xib; sourceTree = "<group>"; };
		945AEFC51C6ED334003D7CEC /* YMRecommandUser.h */ = {isa = PBXFileReference; fileEncoding = 4; lastKnownFileType = sourcecode.c.h; path = YMRecommandUser.h; sourceTree = "<group>"; };
		945AEFC61C6ED334003D7CEC /* YMRecommandUser.m */ = {isa = PBXFileReference; fileEncoding = 4; lastKnownFileType = sourcecode.c.objc; path = YMRecommandUser.m; sourceTree = "<group>"; };
		948E27751C73007B00A85AE1 /* YMConst.h */ = {isa = PBXFileReference; fileEncoding = 4; lastKnownFileType = sourcecode.c.h; path = YMConst.h; sourceTree = "<group>"; };
		948E27761C73007B00A85AE1 /* YMConst.m */ = {isa = PBXFileReference; fileEncoding = 4; lastKnownFileType = sourcecode.c.objc; path = YMConst.m; sourceTree = "<group>"; };
		948E27781C73050A00A85AE1 /* YMTopicCell.h */ = {isa = PBXFileReference; fileEncoding = 4; lastKnownFileType = sourcecode.c.h; path = YMTopicCell.h; sourceTree = "<group>"; };
		948E27791C73050A00A85AE1 /* YMTopicCell.m */ = {isa = PBXFileReference; fileEncoding = 4; lastKnownFileType = sourcecode.c.objc; path = YMTopicCell.m; sourceTree = "<group>"; };
		948E277A1C73050A00A85AE1 /* YMTopicCell.xib */ = {isa = PBXFileReference; fileEncoding = 4; lastKnownFileType = file.xib; path = YMTopicCell.xib; sourceTree = "<group>"; };
		948E277D1C7330DD00A85AE1 /* NSDate+YMExtension.h */ = {isa = PBXFileReference; fileEncoding = 4; lastKnownFileType = sourcecode.c.h; path = "NSDate+YMExtension.h"; sourceTree = "<group>"; };
		948E277E1C7330DD00A85AE1 /* NSDate+YMExtension.m */ = {isa = PBXFileReference; fileEncoding = 4; lastKnownFileType = sourcecode.c.objc; path = "NSDate+YMExtension.m"; sourceTree = "<group>"; };
		94D059FB1C6F324D005408A5 /* YMRecommandTagsViewController.h */ = {isa = PBXFileReference; fileEncoding = 4; lastKnownFileType = sourcecode.c.h; path = YMRecommandTagsViewController.h; sourceTree = "<group>"; };
		94D059FC1C6F324D005408A5 /* YMRecommandTagsViewController.m */ = {isa = PBXFileReference; fileEncoding = 4; lastKnownFileType = sourcecode.c.objc; path = YMRecommandTagsViewController.m; sourceTree = "<group>"; };
		94D059FE1C6F3455005408A5 /* YMRecommandTag.h */ = {isa = PBXFileReference; fileEncoding = 4; lastKnownFileType = sourcecode.c.h; path = YMRecommandTag.h; sourceTree = "<group>"; };
		94D059FF1C6F3455005408A5 /* YMRecommandTag.m */ = {isa = PBXFileReference; fileEncoding = 4; lastKnownFileType = sourcecode.c.objc; path = YMRecommandTag.m; sourceTree = "<group>"; };
		94D05A011C6F3575005408A5 /* YMRecommandTagCell.h */ = {isa = PBXFileReference; fileEncoding = 4; lastKnownFileType = sourcecode.c.h; path = YMRecommandTagCell.h; sourceTree = "<group>"; };
		94D05A021C6F3575005408A5 /* YMRecommandTagCell.m */ = {isa = PBXFileReference; fileEncoding = 4; lastKnownFileType = sourcecode.c.objc; path = YMRecommandTagCell.m; sourceTree = "<group>"; };
		94D05A031C6F3575005408A5 /* YMRecommandTagCell.xib */ = {isa = PBXFileReference; fileEncoding = 4; lastKnownFileType = file.xib; path = YMRecommandTagCell.xib; sourceTree = "<group>"; };
		94D05A2B1C706ADF005408A5 /* YMLoginRegisterController.h */ = {isa = PBXFileReference; fileEncoding = 4; lastKnownFileType = sourcecode.c.h; path = YMLoginRegisterController.h; sourceTree = "<group>"; };
		94D05A2C1C706ADF005408A5 /* YMLoginRegisterController.m */ = {isa = PBXFileReference; fileEncoding = 4; lastKnownFileType = sourcecode.c.objc; path = YMLoginRegisterController.m; sourceTree = "<group>"; };
		94D05A2D1C706ADF005408A5 /* YMLoginRegisterController.xib */ = {isa = PBXFileReference; fileEncoding = 4; lastKnownFileType = file.xib; path = YMLoginRegisterController.xib; sourceTree = "<group>"; };
		94D05A301C707321005408A5 /* YMVerticalButton.h */ = {isa = PBXFileReference; fileEncoding = 4; lastKnownFileType = sourcecode.c.h; path = YMVerticalButton.h; sourceTree = "<group>"; };
		94D05A311C707321005408A5 /* YMVerticalButton.m */ = {isa = PBXFileReference; fileEncoding = 4; lastKnownFileType = sourcecode.c.objc; path = YMVerticalButton.m; sourceTree = "<group>"; };
		94D64D3F1C72F23D00F70086 /* YMTopic.h */ = {isa = PBXFileReference; fileEncoding = 4; lastKnownFileType = sourcecode.c.h; path = YMTopic.h; sourceTree = "<group>"; };
		94D64D401C72F23D00F70086 /* YMTopic.m */ = {isa = PBXFileReference; fileEncoding = 4; lastKnownFileType = sourcecode.c.objc; path = YMTopic.m; sourceTree = "<group>"; };
		94E070721C6DD39800D8D3A8 /* YMEssenceViewController.h */ = {isa = PBXFileReference; fileEncoding = 4; lastKnownFileType = sourcecode.c.h; path = YMEssenceViewController.h; sourceTree = "<group>"; };
		94E070731C6DD39800D8D3A8 /* YMEssenceViewController.m */ = {isa = PBXFileReference; fileEncoding = 4; lastKnownFileType = sourcecode.c.objc; path = YMEssenceViewController.m; sourceTree = "<group>"; };
		94E070781C6DD39800D8D3A8 /* YMFriendTrendsViewController.h */ = {isa = PBXFileReference; fileEncoding = 4; lastKnownFileType = sourcecode.c.h; path = YMFriendTrendsViewController.h; sourceTree = "<group>"; };
		94E070791C6DD39800D8D3A8 /* YMFriendTrendsViewController.m */ = {isa = PBXFileReference; fileEncoding = 4; lastKnownFileType = sourcecode.c.objc; path = YMFriendTrendsViewController.m; sourceTree = "<group>"; };
		94E0707E1C6DD39800D8D3A8 /* UIBarButtonItem+YMExtension.h */ = {isa = PBXFileReference; fileEncoding = 4; lastKnownFileType = sourcecode.c.h; path = "UIBarButtonItem+YMExtension.h"; sourceTree = "<group>"; };
		94E0707F1C6DD39800D8D3A8 /* UIBarButtonItem+YMExtension.m */ = {isa = PBXFileReference; fileEncoding = 4; lastKnownFileType = sourcecode.c.objc; path = "UIBarButtonItem+YMExtension.m"; sourceTree = "<group>"; };
		94E070801C6DD39800D8D3A8 /* UIView+YMExtension.h */ = {isa = PBXFileReference; fileEncoding = 4; lastKnownFileType = sourcecode.c.h; path = "UIView+YMExtension.h"; sourceTree = "<group>"; };
		94E070811C6DD39800D8D3A8 /* UIView+YMExtension.m */ = {isa = PBXFileReference; fileEncoding = 4; lastKnownFileType = sourcecode.c.objc; path = "UIView+YMExtension.m"; sourceTree = "<group>"; };
		94E070831C6DD39800D8D3A8 /* YMTabBarController.h */ = {isa = PBXFileReference; fileEncoding = 4; lastKnownFileType = sourcecode.c.h; path = YMTabBarController.h; sourceTree = "<group>"; };
		94E070841C6DD39800D8D3A8 /* YMTabBarController.m */ = {isa = PBXFileReference; fileEncoding = 4; lastKnownFileType = sourcecode.c.objc; path = YMTabBarController.m; sourceTree = "<group>"; };
		94E070881C6DD39800D8D3A8 /* YMTabBar.h */ = {isa = PBXFileReference; fileEncoding = 4; lastKnownFileType = sourcecode.c.h; path = YMTabBar.h; sourceTree = "<group>"; };
		94E070891C6DD39800D8D3A8 /* YMTabBar.m */ = {isa = PBXFileReference; fileEncoding = 4; lastKnownFileType = sourcecode.c.objc; path = YMTabBar.m; sourceTree = "<group>"; };
		94E0708C1C6DD39800D8D3A8 /* YMMeViewController.h */ = {isa = PBXFileReference; fileEncoding = 4; lastKnownFileType = sourcecode.c.h; path = YMMeViewController.h; sourceTree = "<group>"; };
		94E0708D1C6DD39800D8D3A8 /* YMMeViewController.m */ = {isa = PBXFileReference; fileEncoding = 4; lastKnownFileType = sourcecode.c.objc; path = YMMeViewController.m; sourceTree = "<group>"; };
		94E070921C6DD39800D8D3A8 /* YMNewViewController.h */ = {isa = PBXFileReference; fileEncoding = 4; lastKnownFileType = sourcecode.c.h; path = YMNewViewController.h; sourceTree = "<group>"; };
		94E070931C6DD39800D8D3A8 /* YMNewViewController.m */ = {isa = PBXFileReference; fileEncoding = 4; lastKnownFileType = sourcecode.c.objc; path = YMNewViewController.m; sourceTree = "<group>"; };
		94E070971C6DD39800D8D3A8 /* AppDelegate.h */ = {isa = PBXFileReference; fileEncoding = 4; lastKnownFileType = sourcecode.c.h; path = AppDelegate.h; sourceTree = "<group>"; };
		94E070981C6DD39800D8D3A8 /* AppDelegate.m */ = {isa = PBXFileReference; fileEncoding = 4; lastKnownFileType = sourcecode.c.objc; path = AppDelegate.m; sourceTree = "<group>"; };
		94E070991C6DD39800D8D3A8 /* main.m */ = {isa = PBXFileReference; fileEncoding = 4; lastKnownFileType = sourcecode.c.objc; path = main.m; sourceTree = "<group>"; };
		94E0709A1C6DD39800D8D3A8 /* PrefixHeader.pch */ = {isa = PBXFileReference; fileEncoding = 4; lastKnownFileType = sourcecode.c.h; path = PrefixHeader.pch; sourceTree = "<group>"; };
		94E070A51C6DD78E00D8D3A8 /* YMNavigationController.h */ = {isa = PBXFileReference; fileEncoding = 4; lastKnownFileType = sourcecode.c.h; path = YMNavigationController.h; sourceTree = "<group>"; };
		94E070A61C6DD78E00D8D3A8 /* YMNavigationController.m */ = {isa = PBXFileReference; fileEncoding = 4; lastKnownFileType = sourcecode.c.objc; path = YMNavigationController.m; sourceTree = "<group>"; };
		94E070A81C6E079500D8D3A8 /* YMFriendTrendsViewController.xib */ = {isa = PBXFileReference; fileEncoding = 4; lastKnownFileType = file.xib; path = YMFriendTrendsViewController.xib; sourceTree = "<group>"; };
		94E070AA1C6E11B100D8D3A8 /* YMRecommandViewController.h */ = {isa = PBXFileReference; fileEncoding = 4; lastKnownFileType = sourcecode.c.h; path = YMRecommandViewController.h; sourceTree = "<group>"; };
		94E070AB1C6E11B100D8D3A8 /* YMRecommandViewController.m */ = {isa = PBXFileReference; fileEncoding = 4; lastKnownFileType = sourcecode.c.objc; path = YMRecommandViewController.m; sourceTree = "<group>"; };
		94E070AC1C6E11B100D8D3A8 /* YMRecommandViewController.xib */ = {isa = PBXFileReference; fileEncoding = 4; lastKnownFileType = file.xib; path = YMRecommandViewController.xib; sourceTree = "<group>"; };
		94E070AF1C6E1FD300D8D3A8 /* Foundation+Log.m */ = {isa = PBXFileReference; fileEncoding = 4; lastKnownFileType = sourcecode.c.objc; path = "Foundation+Log.m"; sourceTree = "<group>"; };
		94FEF3651C70AC680001A8D1 /* YMTextField.h */ = {isa = PBXFileReference; fileEncoding = 4; lastKnownFileType = sourcecode.c.h; path = YMTextField.h; sourceTree = "<group>"; };
		94FEF3661C70AC680001A8D1 /* YMTextField.m */ = {isa = PBXFileReference; fileEncoding = 4; lastKnownFileType = sourcecode.c.objc; path = YMTextField.m; sourceTree = "<group>"; };
		94FEF3681C70C77E0001A8D1 /* YMPushGuide.h */ = {isa = PBXFileReference; fileEncoding = 4; lastKnownFileType = sourcecode.c.h; path = YMPushGuide.h; sourceTree = "<group>"; };
		94FEF3691C70C77E0001A8D1 /* YMPushGuide.m */ = {isa = PBXFileReference; fileEncoding = 4; lastKnownFileType = sourcecode.c.objc; path = YMPushGuide.m; sourceTree = "<group>"; };
		94FEF36B1C70C78A0001A8D1 /* YMPushGuide.xib */ = {isa = PBXFileReference; fileEncoding = 4; lastKnownFileType = file.xib; path = YMPushGuide.xib; sourceTree = "<group>"; };
		9E7D91F6AB0D576E1A4FF2F8 /* libPods.a */ = {isa = PBXFileReference; explicitFileType = archive.ar; includeInIndex = 0; path = libPods.a; sourceTree = BUILT_PRODUCTS_DIR; };
		FB61E360791935792A37A7BC /* Pods.release.xcconfig */ = {isa = PBXFileReference; includeInIndex = 1; lastKnownFileType = text.xcconfig; name = Pods.release.xcconfig; path = "Pods/Target Support Files/Pods/Pods.release.xcconfig"; sourceTree = "<group>"; };
/* End PBXFileReference section */

/* Begin PBXFrameworksBuildPhase section */
		942685441C6D77E40072099B /* Frameworks */ = {
			isa = PBXFrameworksBuildPhase;
			buildActionMask = 2147483647;
			files = (
				5BE0CBC799E43CD62EE656E4 /* libPods.a in Frameworks */,
			);
			runOnlyForDeploymentPostprocessing = 0;
		};
/* End PBXFrameworksBuildPhase section */

/* Begin PBXGroup section */
		69D2DF64334FC500AD7D6047 /* Frameworks */ = {
			isa = PBXGroup;
			children = (
				9E7D91F6AB0D576E1A4FF2F8 /* libPods.a */,
			);
			name = Frameworks;
			sourceTree = "<group>";
		};
		9426853E1C6D77E40072099B = {
			isa = PBXGroup;
			children = (
				942685491C6D77E40072099B /* ImitateBaisi */,
				942685481C6D77E40072099B /* Products */,
				A7BD12A3062CEE638F88A032 /* Pods */,
				69D2DF64334FC500AD7D6047 /* Frameworks */,
			);
			sourceTree = "<group>";
		};
		942685481C6D77E40072099B /* Products */ = {
			isa = PBXGroup;
			children = (
				942685471C6D77E40072099B /* ImitateBaisi.app */,
			);
			name = Products;
			sourceTree = "<group>";
		};
		942685491C6D77E40072099B /* ImitateBaisi */ = {
			isa = PBXGroup;
			children = (
				94E0706F1C6DD39800D8D3A8 /* Classes */,
				942685561C6D77E40072099B /* Assets.xcassets */,
				9426855B1C6D77E40072099B /* Info.plist */,
				9426854A1C6D77E40072099B /* Supporting Files */,
			);
			path = ImitateBaisi;
			sourceTree = "<group>";
		};
		9426854A1C6D77E40072099B /* Supporting Files */ = {
			isa = PBXGroup;
			children = (
			);
			name = "Supporting Files";
			sourceTree = "<group>";
		};
		94E0706F1C6DD39800D8D3A8 /* Classes */ = {
			isa = PBXGroup;
			children = (
				94E070701C6DD39800D8D3A8 /* Essence(精华) */,
				94E070901C6DD39800D8D3A8 /* New(最新) */,
				94E070761C6DD39800D8D3A8 /* FriendTrends(关注) */,
				94E0708A1C6DD39800D8D3A8 /* Me(我的) */,
				94E0707C1C6DD39800D8D3A8 /* Main(主要) */,
				94E070961C6DD39800D8D3A8 /* Others */,
			);
			path = Classes;
			sourceTree = "<group>";
		};
		94E070701C6DD39800D8D3A8 /* Essence(精华) */ = {
			isa = PBXGroup;
			children = (
				94E070711C6DD39800D8D3A8 /* Controller */,
				94E070741C6DD39800D8D3A8 /* Model */,
				94E070751C6DD39800D8D3A8 /* View */,
			);
			path = "Essence(精华)";
			sourceTree = "<group>";
		};
		94E070711C6DD39800D8D3A8 /* Controller */ = {
			isa = PBXGroup;
			children = (
				94E070721C6DD39800D8D3A8 /* YMEssenceViewController.h */,
				94E070731C6DD39800D8D3A8 /* YMEssenceViewController.m */,
				94D059FB1C6F324D005408A5 /* YMRecommandTagsViewController.h */,
				94D059FC1C6F324D005408A5 /* YMRecommandTagsViewController.m */,
				944E60CC1C774A8900B72EDF /* YMTopicViewController.h */,
				944E60CD1C774A8900B72EDF /* YMTopicViewController.m */,
			);
			path = Controller;
			sourceTree = "<group>";
		};
		94E070741C6DD39800D8D3A8 /* Model */ = {
			isa = PBXGroup;
			children = (
				94D059FE1C6F3455005408A5 /* YMRecommandTag.h */,
				94D059FF1C6F3455005408A5 /* YMRecommandTag.m */,
				94D64D3F1C72F23D00F70086 /* YMTopic.h */,
				94D64D401C72F23D00F70086 /* YMTopic.m */,
			);
			path = Model;
			sourceTree = "<group>";
		};
		94E070751C6DD39800D8D3A8 /* View */ = {
			isa = PBXGroup;
			children = (
				94D05A011C6F3575005408A5 /* YMRecommandTagCell.h */,
				94D05A021C6F3575005408A5 /* YMRecommandTagCell.m */,
				94D05A031C6F3575005408A5 /* YMRecommandTagCell.xib */,
				948E27781C73050A00A85AE1 /* YMTopicCell.h */,
				948E27791C73050A00A85AE1 /* YMTopicCell.m */,
				948E277A1C73050A00A85AE1 /* YMTopicCell.xib */,
			);
			path = View;
			sourceTree = "<group>";
		};
		94E070761C6DD39800D8D3A8 /* FriendTrends(关注) */ = {
			isa = PBXGroup;
			children = (
				94E070771C6DD39800D8D3A8 /* Controller */,
				94E0707A1C6DD39800D8D3A8 /* Model */,
				94E0707B1C6DD39800D8D3A8 /* View */,
			);
			path = "FriendTrends(关注)";
			sourceTree = "<group>";
		};
		94E070771C6DD39800D8D3A8 /* Controller */ = {
			isa = PBXGroup;
			children = (
				94E070781C6DD39800D8D3A8 /* YMFriendTrendsViewController.h */,
				94E070791C6DD39800D8D3A8 /* YMFriendTrendsViewController.m */,
				94E070A81C6E079500D8D3A8 /* YMFriendTrendsViewController.xib */,
				94E070AA1C6E11B100D8D3A8 /* YMRecommandViewController.h */,
				94E070AB1C6E11B100D8D3A8 /* YMRecommandViewController.m */,
				94E070AC1C6E11B100D8D3A8 /* YMRecommandViewController.xib */,
				94D05A2B1C706ADF005408A5 /* YMLoginRegisterController.h */,
				94D05A2C1C706ADF005408A5 /* YMLoginRegisterController.m */,
				94D05A2D1C706ADF005408A5 /* YMLoginRegisterController.xib */,
			);
			path = Controller;
			sourceTree = "<group>";
		};
		94E0707A1C6DD39800D8D3A8 /* Model */ = {
			isa = PBXGroup;
			children = (
				945AEFB81C6EAE3A003D7CEC /* YMRecommandCategory.h */,
				945AEFB91C6EAE3A003D7CEC /* YMRecommandCategory.m */,
				945AEFC51C6ED334003D7CEC /* YMRecommandUser.h */,
				945AEFC61C6ED334003D7CEC /* YMRecommandUser.m */,
			);
			path = Model;
			sourceTree = "<group>";
		};
		94E0707B1C6DD39800D8D3A8 /* View */ = {
			isa = PBXGroup;
			children = (
				945AEFBB1C6EAF7A003D7CEC /* YMRecommandCategoryCell.h */,
				945AEFBC1C6EAF7A003D7CEC /* YMRecommandCategoryCell.m */,
				945AEFBE1C6EAF89003D7CEC /* YMRecommandCategoryCell.xib */,
				945AEFC01C6ECB50003D7CEC /* YMRecommandUserCell.h */,
				945AEFC11C6ECB50003D7CEC /* YMRecommandUserCell.m */,
				945AEFC21C6ECB50003D7CEC /* YMRecommandUserCell.xib */,
				94D05A301C707321005408A5 /* YMVerticalButton.h */,
				94D05A311C707321005408A5 /* YMVerticalButton.m */,
				94FEF3651C70AC680001A8D1 /* YMTextField.h */,
				94FEF3661C70AC680001A8D1 /* YMTextField.m */,
			);
			path = View;
			sourceTree = "<group>";
		};
		94E0707C1C6DD39800D8D3A8 /* Main(主要) */ = {
			isa = PBXGroup;
			children = (
				94E0707D1C6DD39800D8D3A8 /* Category */,
				94E070821C6DD39800D8D3A8 /* Controller */,
				94E070851C6DD39800D8D3A8 /* Lib */,
				94E070861C6DD39800D8D3A8 /* Model */,
				94E070871C6DD39800D8D3A8 /* View */,
			);
			path = "Main(主要)";
			sourceTree = "<group>";
		};
		94E0707D1C6DD39800D8D3A8 /* Category */ = {
			isa = PBXGroup;
			children = (
				94E070AF1C6E1FD300D8D3A8 /* Foundation+Log.m */,
				94E0707E1C6DD39800D8D3A8 /* UIBarButtonItem+YMExtension.h */,
				94E0707F1C6DD39800D8D3A8 /* UIBarButtonItem+YMExtension.m */,
				94E070801C6DD39800D8D3A8 /* UIView+YMExtension.h */,
				94E070811C6DD39800D8D3A8 /* UIView+YMExtension.m */,
				948E277D1C7330DD00A85AE1 /* NSDate+YMExtension.h */,
				948E277E1C7330DD00A85AE1 /* NSDate+YMExtension.m */,
			);
			path = Category;
			sourceTree = "<group>";
		};
		94E070821C6DD39800D8D3A8 /* Controller */ = {
			isa = PBXGroup;
			children = (
				94E070831C6DD39800D8D3A8 /* YMTabBarController.h */,
				94E070841C6DD39800D8D3A8 /* YMTabBarController.m */,
				94E070A51C6DD78E00D8D3A8 /* YMNavigationController.h */,
				94E070A61C6DD78E00D8D3A8 /* YMNavigationController.m */,
			);
			path = Controller;
			sourceTree = "<group>";
		};
		94E070851C6DD39800D8D3A8 /* Lib */ = {
			isa = PBXGroup;
			children = (
			);
			path = Lib;
			sourceTree = "<group>";
		};
		94E070861C6DD39800D8D3A8 /* Model */ = {
			isa = PBXGroup;
			children = (
			);
			path = Model;
			sourceTree = "<group>";
		};
		94E070871C6DD39800D8D3A8 /* View */ = {
			isa = PBXGroup;
			children = (
				94E070881C6DD39800D8D3A8 /* YMTabBar.h */,
				94E070891C6DD39800D8D3A8 /* YMTabBar.m */,
			);
			path = View;
			sourceTree = "<group>";
		};
		94E0708A1C6DD39800D8D3A8 /* Me(我的) */ = {
			isa = PBXGroup;
			children = (
				94E0708B1C6DD39800D8D3A8 /* Controller */,
				94E0708E1C6DD39800D8D3A8 /* Model */,
				94E0708F1C6DD39800D8D3A8 /* View */,
			);
			path = "Me(我的)";
			sourceTree = "<group>";
		};
		94E0708B1C6DD39800D8D3A8 /* Controller */ = {
			isa = PBXGroup;
			children = (
				94E0708C1C6DD39800D8D3A8 /* YMMeViewController.h */,
				94E0708D1C6DD39800D8D3A8 /* YMMeViewController.m */,
			);
			path = Controller;
			sourceTree = "<group>";
		};
		94E0708E1C6DD39800D8D3A8 /* Model */ = {
			isa = PBXGroup;
			children = (
			);
			path = Model;
			sourceTree = "<group>";
		};
		94E0708F1C6DD39800D8D3A8 /* View */ = {
			isa = PBXGroup;
			children = (
			);
			path = View;
			sourceTree = "<group>";
		};
		94E070901C6DD39800D8D3A8 /* New(最新) */ = {
			isa = PBXGroup;
			children = (
				94E070911C6DD39800D8D3A8 /* Controller */,
				94E070941C6DD39800D8D3A8 /* Model */,
				94E070951C6DD39800D8D3A8 /* View */,
			);
			path = "New(最新)";
			sourceTree = "<group>";
		};
		94E070911C6DD39800D8D3A8 /* Controller */ = {
			isa = PBXGroup;
			children = (
				94E070921C6DD39800D8D3A8 /* YMNewViewController.h */,
				94E070931C6DD39800D8D3A8 /* YMNewViewController.m */,
			);
			path = Controller;
			sourceTree = "<group>";
		};
		94E070941C6DD39800D8D3A8 /* Model */ = {
			isa = PBXGroup;
			children = (
			);
			path = Model;
			sourceTree = "<group>";
		};
		94E070951C6DD39800D8D3A8 /* View */ = {
			isa = PBXGroup;
			children = (
			);
			path = View;
			sourceTree = "<group>";
		};
		94E070961C6DD39800D8D3A8 /* Others */ = {
			isa = PBXGroup;
			children = (
				94E070971C6DD39800D8D3A8 /* AppDelegate.h */,
				94E070981C6DD39800D8D3A8 /* AppDelegate.m */,
				94E070991C6DD39800D8D3A8 /* main.m */,
				94E0709A1C6DD39800D8D3A8 /* PrefixHeader.pch */,
				94FEF3681C70C77E0001A8D1 /* YMPushGuide.h */,
				94FEF3691C70C77E0001A8D1 /* YMPushGuide.m */,
				94FEF36B1C70C78A0001A8D1 /* YMPushGuide.xib */,
				948E27751C73007B00A85AE1 /* YMConst.h */,
				948E27761C73007B00A85AE1 /* YMConst.m */,
			);
			path = Others;
			sourceTree = "<group>";
		};
		A7BD12A3062CEE638F88A032 /* Pods */ = {
			isa = PBXGroup;
			children = (
				5A47135987392BDFBF15033B /* Pods.debug.xcconfig */,
				FB61E360791935792A37A7BC /* Pods.release.xcconfig */,
			);
			name = Pods;
			sourceTree = "<group>";
		};
/* End PBXGroup section */

/* Begin PBXNativeTarget section */
		942685461C6D77E40072099B /* ImitateBaisi */ = {
			isa = PBXNativeTarget;
			buildConfigurationList = 9426855E1C6D77E40072099B /* Build configuration list for PBXNativeTarget "ImitateBaisi" */;
			buildPhases = (
				3E6AA5308322BD2F097794FF /* Check Pods Manifest.lock */,
				942685431C6D77E40072099B /* Sources */,
				942685441C6D77E40072099B /* Frameworks */,
				942685451C6D77E40072099B /* Resources */,
				353EAC10DB9E53D5074304D9 /* Embed Pods Frameworks */,
				5D6392819490E593DA7090D3 /* Copy Pods Resources */,
			);
			buildRules = (
			);
			dependencies = (
			);
			name = ImitateBaisi;
			productName = ImitateBaisi;
			productReference = 942685471C6D77E40072099B /* ImitateBaisi.app */;
			productType = "com.apple.product-type.application";
		};
/* End PBXNativeTarget section */

/* Begin PBXProject section */
		9426853F1C6D77E40072099B /* Project object */ = {
			isa = PBXProject;
			attributes = {
				CLASSPREFIX = YM;
				LastUpgradeCheck = 0710;
				ORGANIZATIONNAME = hrscy;
				TargetAttributes = {
					942685461C6D77E40072099B = {
						CreatedOnToolsVersion = 7.1.1;
					};
				};
			};
			buildConfigurationList = 942685421C6D77E40072099B /* Build configuration list for PBXProject "ImitateBaisi" */;
			compatibilityVersion = "Xcode 3.2";
			developmentRegion = English;
			hasScannedForEncodings = 0;
			knownRegions = (
				en,
				Base,
			);
			mainGroup = 9426853E1C6D77E40072099B;
			productRefGroup = 942685481C6D77E40072099B /* Products */;
			projectDirPath = "";
			projectRoot = "";
			targets = (
				942685461C6D77E40072099B /* ImitateBaisi */,
			);
		};
/* End PBXProject section */

/* Begin PBXResourcesBuildPhase section */
		942685451C6D77E40072099B /* Resources */ = {
			isa = PBXResourcesBuildPhase;
			buildActionMask = 2147483647;
			files = (
				94E070A91C6E079500D8D3A8 /* YMFriendTrendsViewController.xib in Resources */,
				94D05A2F1C706ADF005408A5 /* YMLoginRegisterController.xib in Resources */,
				948E277C1C73050A00A85AE1 /* YMTopicCell.xib in Resources */,
				94D05A051C6F3575005408A5 /* YMRecommandTagCell.xib in Resources */,
				945AEFC41C6ECB50003D7CEC /* YMRecommandUserCell.xib in Resources */,
				94FEF36C1C70C78A0001A8D1 /* YMPushGuide.xib in Resources */,
				94E070AE1C6E11B100D8D3A8 /* YMRecommandViewController.xib in Resources */,
				945AEFBF1C6EAF89003D7CEC /* YMRecommandCategoryCell.xib in Resources */,
				942685571C6D77E40072099B /* Assets.xcassets in Resources */,
			);
			runOnlyForDeploymentPostprocessing = 0;
		};
/* End PBXResourcesBuildPhase section */

/* Begin PBXShellScriptBuildPhase section */
		353EAC10DB9E53D5074304D9 /* Embed Pods Frameworks */ = {
			isa = PBXShellScriptBuildPhase;
			buildActionMask = 2147483647;
			files = (
			);
			inputPaths = (
			);
			name = "Embed Pods Frameworks";
			outputPaths = (
			);
			runOnlyForDeploymentPostprocessing = 0;
			shellPath = /bin/sh;
			shellScript = "\"${SRCROOT}/Pods/Target Support Files/Pods/Pods-frameworks.sh\"\n";
			showEnvVarsInLog = 0;
		};
		3E6AA5308322BD2F097794FF /* Check Pods Manifest.lock */ = {
			isa = PBXShellScriptBuildPhase;
			buildActionMask = 2147483647;
			files = (
			);
			inputPaths = (
			);
			name = "Check Pods Manifest.lock";
			outputPaths = (
			);
			runOnlyForDeploymentPostprocessing = 0;
			shellPath = /bin/sh;
			shellScript = "diff \"${PODS_ROOT}/../Podfile.lock\" \"${PODS_ROOT}/Manifest.lock\" > /dev/null\nif [[ $? != 0 ]] ; then\n    cat << EOM\nerror: The sandbox is not in sync with the Podfile.lock. Run 'pod install' or update your CocoaPods installation.\nEOM\n    exit 1\nfi\n";
			showEnvVarsInLog = 0;
		};
		5D6392819490E593DA7090D3 /* Copy Pods Resources */ = {
			isa = PBXShellScriptBuildPhase;
			buildActionMask = 2147483647;
			files = (
			);
			inputPaths = (
			);
			name = "Copy Pods Resources";
			outputPaths = (
			);
			runOnlyForDeploymentPostprocessing = 0;
			shellPath = /bin/sh;
			shellScript = "\"${SRCROOT}/Pods/Target Support Files/Pods/Pods-resources.sh\"\n";
			showEnvVarsInLog = 0;
		};
/* End PBXShellScriptBuildPhase section */

/* Begin PBXSourcesBuildPhase section */
		942685431C6D77E40072099B /* Sources */ = {
			isa = PBXSourcesBuildPhase;
			buildActionMask = 2147483647;
			files = (
				94E070A41C6DD39800D8D3A8 /* main.m in Sources */,
				945AEFC71C6ED334003D7CEC /* YMRecommandUser.m in Sources */,
				94E070AD1C6E11B100D8D3A8 /* YMRecommandViewController.m in Sources */,
				94E070A11C6DD39800D8D3A8 /* YMMeViewController.m in Sources */,
				948E277F1C7330DD00A85AE1 /* NSDate+YMExtension.m in Sources */,
				94FEF36A1C70C77E0001A8D1 /* YMPushGuide.m in Sources */,
				94D059FD1C6F324D005408A5 /* YMRecommandTagsViewController.m in Sources */,
				94D05A001C6F3455005408A5 /* YMRecommandTag.m in Sources */,
				94E0709D1C6DD39800D8D3A8 /* UIBarButtonItem+YMExtension.m in Sources */,
				94E070A31C6DD39800D8D3A8 /* AppDelegate.m in Sources */,
				94E070A01C6DD39800D8D3A8 /* YMTabBar.m in Sources */,
				948E277B1C73050A00A85AE1 /* YMTopicCell.m in Sources */,
				94D05A321C707321005408A5 /* YMVerticalButton.m in Sources */,
				94E070A71C6DD78E00D8D3A8 /* YMNavigationController.m in Sources */,
				94D05A2E1C706ADF005408A5 /* YMLoginRegisterController.m in Sources */,
				94E0709C1C6DD39800D8D3A8 /* YMFriendTrendsViewController.m in Sources */,
				94E0709F1C6DD39800D8D3A8 /* YMTabBarController.m in Sources */,
				94E0709E1C6DD39800D8D3A8 /* UIView+YMExtension.m in Sources */,
				948E27771C73007B00A85AE1 /* YMConst.m in Sources */,
				945AEFBD1C6EAF7A003D7CEC /* YMRecommandCategoryCell.m in Sources */,
				945AEFC31C6ECB50003D7CEC /* YMRecommandUserCell.m in Sources */,
				944E60CE1C774A8900B72EDF /* YMTopicViewController.m in Sources */,
				94E070B01C6E1FD300D8D3A8 /* Foundation+Log.m in Sources */,
				94D64D411C72F23D00F70086 /* YMTopic.m in Sources */,
				94E0709B1C6DD39800D8D3A8 /* YMEssenceViewController.m in Sources */,
				945AEFBA1C6EAE3A003D7CEC /* YMRecommandCategory.m in Sources */,
				94E070A21C6DD39800D8D3A8 /* YMNewViewController.m in Sources */,
				94D05A041C6F3575005408A5 /* YMRecommandTagCell.m in Sources */,
				94FEF3671C70AC680001A8D1 /* YMTextField.m in Sources */,
			);
			runOnlyForDeploymentPostprocessing = 0;
		};
/* End PBXSourcesBuildPhase section */

/* Begin XCBuildConfiguration section */
		9426855C1C6D77E40072099B /* Debug */ = {
			isa = XCBuildConfiguration;
			buildSettings = {
				ALWAYS_SEARCH_USER_PATHS = NO;
				CLANG_CXX_LANGUAGE_STANDARD = "gnu++0x";
				CLANG_CXX_LIBRARY = "libc++";
				CLANG_ENABLE_MODULES = YES;
				CLANG_ENABLE_OBJC_ARC = YES;
				CLANG_WARN_BOOL_CONVERSION = YES;
				CLANG_WARN_CONSTANT_CONVERSION = YES;
				CLANG_WARN_DIRECT_OBJC_ISA_USAGE = YES_ERROR;
				CLANG_WARN_EMPTY_BODY = YES;
				CLANG_WARN_ENUM_CONVERSION = YES;
				CLANG_WARN_INT_CONVERSION = YES;
				CLANG_WARN_OBJC_ROOT_CLASS = YES_ERROR;
				CLANG_WARN_UNREACHABLE_CODE = YES;
				CLANG_WARN__DUPLICATE_METHOD_MATCH = YES;
				"CODE_SIGN_IDENTITY[sdk=iphoneos*]" = "iPhone Developer";
				COPY_PHASE_STRIP = NO;
				DEBUG_INFORMATION_FORMAT = dwarf;
				ENABLE_STRICT_OBJC_MSGSEND = YES;
				ENABLE_TESTABILITY = YES;
				GCC_C_LANGUAGE_STANDARD = gnu99;
				GCC_DYNAMIC_NO_PIC = NO;
				GCC_NO_COMMON_BLOCKS = YES;
				GCC_OPTIMIZATION_LEVEL = 0;
				GCC_PREPROCESSOR_DEFINITIONS = (
					"DEBUG=1",
					"$(inherited)",
				);
				GCC_WARN_64_TO_32_BIT_CONVERSION = YES;
				GCC_WARN_ABOUT_RETURN_TYPE = YES_ERROR;
				GCC_WARN_UNDECLARED_SELECTOR = YES;
				GCC_WARN_UNINITIALIZED_AUTOS = YES_AGGRESSIVE;
				GCC_WARN_UNUSED_FUNCTION = YES;
				GCC_WARN_UNUSED_VARIABLE = YES;
				IPHONEOS_DEPLOYMENT_TARGET = 9.1;
				MTL_ENABLE_DEBUG_INFO = YES;
				ONLY_ACTIVE_ARCH = YES;
				SDKROOT = iphoneos;
			};
			name = Debug;
		};
		9426855D1C6D77E40072099B /* Release */ = {
			isa = XCBuildConfiguration;
			buildSettings = {
				ALWAYS_SEARCH_USER_PATHS = NO;
				CLANG_CXX_LANGUAGE_STANDARD = "gnu++0x";
				CLANG_CXX_LIBRARY = "libc++";
				CLANG_ENABLE_MODULES = YES;
				CLANG_ENABLE_OBJC_ARC = YES;
				CLANG_WARN_BOOL_CONVERSION = YES;
				CLANG_WARN_CONSTANT_CONVERSION = YES;
				CLANG_WARN_DIRECT_OBJC_ISA_USAGE = YES_ERROR;
				CLANG_WARN_EMPTY_BODY = YES;
				CLANG_WARN_ENUM_CONVERSION = YES;
				CLANG_WARN_INT_CONVERSION = YES;
				CLANG_WARN_OBJC_ROOT_CLASS = YES_ERROR;
				CLANG_WARN_UNREACHABLE_CODE = YES;
				CLANG_WARN__DUPLICATE_METHOD_MATCH = YES;
				"CODE_SIGN_IDENTITY[sdk=iphoneos*]" = "iPhone Developer";
				COPY_PHASE_STRIP = NO;
				DEBUG_INFORMATION_FORMAT = "dwarf-with-dsym";
				ENABLE_NS_ASSERTIONS = NO;
				ENABLE_STRICT_OBJC_MSGSEND = YES;
				GCC_C_LANGUAGE_STANDARD = gnu99;
				GCC_NO_COMMON_BLOCKS = YES;
				GCC_WARN_64_TO_32_BIT_CONVERSION = YES;
				GCC_WARN_ABOUT_RETURN_TYPE = YES_ERROR;
				GCC_WARN_UNDECLARED_SELECTOR = YES;
				GCC_WARN_UNINITIALIZED_AUTOS = YES_AGGRESSIVE;
				GCC_WARN_UNUSED_FUNCTION = YES;
				GCC_WARN_UNUSED_VARIABLE = YES;
				IPHONEOS_DEPLOYMENT_TARGET = 9.1;
				MTL_ENABLE_DEBUG_INFO = NO;
				SDKROOT = iphoneos;
				VALIDATE_PRODUCT = YES;
			};
			name = Release;
		};
		9426855F1C6D77E40072099B /* Debug */ = {
			isa = XCBuildConfiguration;
			baseConfigurationReference = 5A47135987392BDFBF15033B /* Pods.debug.xcconfig */;
			buildSettings = {
				ASSETCATALOG_COMPILER_APPICON_NAME = AppIcon;
				ASSETCATALOG_COMPILER_LAUNCHIMAGE_NAME = LaunchImage;
				GCC_PREFIX_HEADER = ImitateBaisi/Classes/Others/PrefixHeader.pch;
				INFOPLIST_FILE = ImitateBaisi/Info.plist;
				IPHONEOS_DEPLOYMENT_TARGET = 8.0;
				LD_RUNPATH_SEARCH_PATHS = "$(inherited) @executable_path/Frameworks";
				PRODUCT_BUNDLE_IDENTIFIER = com.hrscy.ImitateBaisi;
				PRODUCT_NAME = "$(TARGET_NAME)";
			};
			name = Debug;
		};
		942685601C6D77E40072099B /* Release */ = {
			isa = XCBuildConfiguration;
			baseConfigurationReference = FB61E360791935792A37A7BC /* Pods.release.xcconfig */;
			buildSettings = {
				ASSETCATALOG_COMPILER_APPICON_NAME = AppIcon;
				ASSETCATALOG_COMPILER_LAUNCHIMAGE_NAME = LaunchImage;
				GCC_PREFIX_HEADER = ImitateBaisi/Classes/Others/PrefixHeader.pch;
				INFOPLIST_FILE = ImitateBaisi/Info.plist;
				IPHONEOS_DEPLOYMENT_TARGET = 8.0;
				LD_RUNPATH_SEARCH_PATHS = "$(inherited) @executable_path/Frameworks";
				PRODUCT_BUNDLE_IDENTIFIER = com.hrscy.ImitateBaisi;
				PRODUCT_NAME = "$(TARGET_NAME)";
			};
			name = Release;
		};
/* End XCBuildConfiguration section */

/* Begin XCConfigurationList section */
		942685421C6D77E40072099B /* Build configuration list for PBXProject "ImitateBaisi" */ = {
			isa = XCConfigurationList;
			buildConfigurations = (
				9426855C1C6D77E40072099B /* Debug */,
				9426855D1C6D77E40072099B /* Release */,
			);
			defaultConfigurationIsVisible = 0;
			defaultConfigurationName = Release;
		};
		9426855E1C6D77E40072099B /* Build configuration list for PBXNativeTarget "ImitateBaisi" */ = {
			isa = XCConfigurationList;
			buildConfigurations = (
				9426855F1C6D77E40072099B /* Debug */,
				942685601C6D77E40072099B /* Release */,
			);
			defaultConfigurationIsVisible = 0;
			defaultConfigurationName = Release;
		};
/* End XCConfigurationList section */
	};
	rootObject = 9426853F1C6D77E40072099B /* Project object */;
}
